
Microsoft Visual Studio Solution File, Format Version 12.00
# Visual Studio 14
VisualStudioVersion = 14.0.22512.0
MinimumVisualStudioVersion = 10.0.40219.1
Project("{FAE04EC0-301F-11D3-BF4B-00C04F79EFBC}") = "RoslynHackathon", "RoslynHackathon\RoslynHackathon\RoslynHackathon.csproj", "{C774E2DF-998C-4FB2-82A2-00BE560781F3}"
EndProject
Project("{2150E333-8FDC-42A3-9474-1A3956D46DE8}") = ".nuget", ".nuget", "{B3BFFAF4-2CDA-4CD6-B015-32D0817CFA67}"
	ProjectSection(SolutionItems) = preProject
		.nuget\packages.config = .nuget\packages.config
	EndProjectSection
EndProject
Project("{FAE04EC0-301F-11D3-BF4B-00C04F79EFBC}") = "RoslynHackathon.Test", "RoslynHackathon\RoslynHackathon.Test\RoslynHackathon.Test.csproj", "{5557524E-19F8-4188-AF67-2A17F8246F65}"
EndProject
Project("{FAE04EC0-301F-11D3-BF4B-00C04F79EFBC}") = "RoslynHackathon.Vsix", "RoslynHackathon\RoslynHackathon.Vsix\RoslynHackathon.Vsix.csproj", "{D888FEFE-0998-4333-AC48-82AB92E6E6AF}"
EndProject
Global
	GlobalSection(SolutionConfigurationPlatforms) = preSolution
		Debug|Any CPU = Debug|Any CPU
		Release|Any CPU = Release|Any CPU
	EndGlobalSection
	GlobalSection(ProjectConfigurationPlatforms) = postSolution
		{C774E2DF-998C-4FB2-82A2-00BE560781F3}.Debug|Any CPU.ActiveCfg = Debug|Any CPU
		{C774E2DF-998C-4FB2-82A2-00BE560781F3}.Debug|Any CPU.Build.0 = Debug|Any CPU
		{C774E2DF-998C-4FB2-82A2-00BE560781F3}.Release|Any CPU.ActiveCfg = Release|Any CPU
		{C774E2DF-998C-4FB2-82A2-00BE560781F3}.Release|Any CPU.Build.0 = Release|Any CPU
		{5557524E-19F8-4188-AF67-2A17F8246F65}.Debug|Any CPU.ActiveCfg = Debug|Any CPU
		{5557524E-19F8-4188-AF67-2A17F8246F65}.Debug|Any CPU.Build.0 = Debug|Any CPU
		{5557524E-19F8-4188-AF67-2A17F8246F65}.Release|Any CPU.ActiveCfg = Release|Any CPU
		{5557524E-19F8-4188-AF67-2A17F8246F65}.Release|Any CPU.Build.0 = Release|Any CPU
		{D888FEFE-0998-4333-AC48-82AB92E6E6AF}.Debug|Any CPU.ActiveCfg = Debug|Any CPU
		{D888FEFE-0998-4333-AC48-82AB92E6E6AF}.Debug|Any CPU.Build.0 = Debug|Any CPU
		{D888FEFE-0998-4333-AC48-82AB92E6E6AF}.Release|Any CPU.ActiveCfg = Release|Any CPU
		{D888FEFE-0998-4333-AC48-82AB92E6E6AF}.Release|Any CPU.Build.0 = Release|Any CPU
	EndGlobalSection
	GlobalSection(SolutionProperties) = preSolution
		HideSolutionNode = FALSE
	EndGlobalSection
EndGlobal
